// !$*UTF8*$!
{
	archiveVersion = 1;
	classes = {
	};
	objectVersion = 50;
	objects = {

/* Begin PBXBuildFile section */
		2F49E70C23810F2300135518 /* AppDelegate.swift in Sources */ = {isa = PBXBuildFile; fileRef = 2F49E70B23810F2300135518 /* AppDelegate.swift */; };
		2F49E70E23810F2300135518 /* SceneDelegate.swift in Sources */ = {isa = PBXBuildFile; fileRef = 2F49E70D23810F2300135518 /* SceneDelegate.swift */; };
		2F49E71023810F2300135518 /* ViewController.swift in Sources */ = {isa = PBXBuildFile; fileRef = 2F49E70F23810F2300135518 /* ViewController.swift */; };
		2F49E71323810F2300135518 /* Main.storyboard in Resources */ = {isa = PBXBuildFile; fileRef = 2F49E71123810F2300135518 /* Main.storyboard */; };
		2F49E71523810F2400135518 /* Assets.xcassets in Resources */ = {isa = PBXBuildFile; fileRef = 2F49E71423810F2400135518 /* Assets.xcassets */; };
		2F49E71823810F2400135518 /* LaunchScreen.storyboard in Resources */ = {isa = PBXBuildFile; fileRef = 2F49E71623810F2400135518 /* LaunchScreen.storyboard */; };
		2F49E72323810F2500135518 /* XcodeExtensionExampleTests.swift in Sources */ = {isa = PBXBuildFile; fileRef = 2F49E72223810F2500135518 /* XcodeExtensionExampleTests.swift */; };
		2F49E72E23810F2500135518 /* XcodeExtensionExampleUITests.swift in Sources */ = {isa = PBXBuildFile; fileRef = 2F49E72D23810F2500135518 /* XcodeExtensionExampleUITests.swift */; };
/* End PBXBuildFile section */

/* Begin PBXContainerItemProxy section */
		2F49E71F23810F2500135518 /* PBXContainerItemProxy */ = {
			isa = PBXContainerItemProxy;
			containerPortal = 2F49E70023810F2300135518 /* Project object */;
			proxyType = 1;
			remoteGlobalIDString = 2F49E70723810F2300135518;
			remoteInfo = XcodeExtensionExample;
		};
		2F49E72A23810F2500135518 /* PBXContainerItemProxy */ = {
			isa = PBXContainerItemProxy;
			containerPortal = 2F49E70023810F2300135518 /* Project object */;
			proxyType = 1;
			remoteGlobalIDString = 2F49E70723810F2300135518;
			remoteInfo = XcodeExtensionExample;
		};
/* End PBXContainerItemProxy section */

/* Begin PBXFileReference section */
		2F49E70823810F2300135518 /* XcodeExtensionExample.app */ = {isa = PBXFileReference; explicitFileType = wrapper.application; includeInIndex = 0; path = XcodeExtensionExample.app; sourceTree = BUILT_PRODUCTS_DIR; };
		2F49E70B23810F2300135518 /* AppDelegate.swift */ = {isa = PBXFileReference; lastKnownFileType = sourcecode.swift; path = AppDelegate.swift; sourceTree = "<group>"; };
		2F49E70D23810F2300135518 /* SceneDelegate.swift */ = {isa = PBXFileReference; lastKnownFileType = sourcecode.swift; path = SceneDelegate.swift; sourceTree = "<group>"; };
		2F49E70F23810F2300135518 /* ViewController.swift */ = {isa = PBXFileReference; lastKnownFileType = sourcecode.swift; path = ViewController.swift; sourceTree = "<group>"; };
		2F49E71223810F2300135518 /* Base */ = {isa = PBXFileReference; lastKnownFileType = file.storyboard; name = Base; path = Base.lproj/Main.storyboard; sourceTree = "<group>"; };
		2F49E71423810F2400135518 /* Assets.xcassets */ = {isa = PBXFileReference; lastKnownFileType = folder.assetcatalog; path = Assets.xcassets; sourceTree = "<group>"; };
		2F49E71723810F2400135518 /* Base */ = {isa = PBXFileReference; lastKnownFileType = file.storyboard; name = Base; path = Base.lproj/LaunchScreen.storyboard; sourceTree = "<group>"; };
		2F49E71923810F2400135518 /* Info.plist */ = {isa = PBXFileReference; lastKnownFileType = text.plist.xml; path = Info.plist; sourceTree = "<group>"; };
		2F49E71E23810F2500135518 /* XcodeExtensionExampleTests.xctest */ = {isa = PBXFileReference; explicitFileType = wrapper.cfbundle; includeInIndex = 0; path = XcodeExtensionExampleTests.xctest; sourceTree = BUILT_PRODUCTS_DIR; };
		2F49E72223810F2500135518 /* XcodeExtensionExampleTests.swift */ = {isa = PBXFileReference; lastKnownFileType = sourcecode.swift; path = XcodeExtensionExampleTests.swift; sourceTree = "<group>"; };
		2F49E72423810F2500135518 /* Info.plist */ = {isa = PBXFileReference; lastKnownFileType = text.plist.xml; path = Info.plist; sourceTree = "<group>"; };
		2F49E72923810F2500135518 /* XcodeExtensionExampleUITests.xctest */ = {isa = PBXFileReference; explicitFileType = wrapper.cfbundle; includeInIndex = 0; path = XcodeExtensionExampleUITests.xctest; sourceTree = BUILT_PRODUCTS_DIR; };
		2F49E72D23810F2500135518 /* XcodeExtensionExampleUITests.swift */ = {isa = PBXFileReference; lastKnownFileType = sourcecode.swift; path = XcodeExtensionExampleUITests.swift; sourceTree = "<group>"; };
		2F49E72F23810F2500135518 /* Info.plist */ = {isa = PBXFileReference; lastKnownFileType = text.plist.xml; path = Info.plist; sourceTree = "<group>"; };
/* End PBXFileReference section */

/* Begin PBXFrameworksBuildPhase section */
		2F49E70523810F2300135518 /* Frameworks */ = {
			isa = PBXFrameworksBuildPhase;
			buildActionMask = 2147483647;
			files = (
			);
			runOnlyForDeploymentPostprocessing = 0;
		};
		2F49E71B23810F2500135518 /* Frameworks */ = {
			isa = PBXFrameworksBuildPhase;
			buildActionMask = 2147483647;
			files = (
			);
			runOnlyForDeploymentPostprocessing = 0;
		};
		2F49E72623810F2500135518 /* Frameworks */ = {
			isa = PBXFrameworksBuildPhase;
			buildActionMask = 2147483647;
			files = (
			);
			runOnlyForDeploymentPostprocessing = 0;
		};
/* End PBXFrameworksBuildPhase section */

/* Begin PBXGroup section */
		2F49E6FF23810F2300135518 = {
			isa = PBXGroup;
			children = (
				2F49E70A23810F2300135518 /* XcodeExtensionExample */,
				2F49E72123810F2500135518 /* XcodeExtensionExampleTests */,
				2F49E72C23810F2500135518 /* XcodeExtensionExampleUITests */,
				2F49E70923810F2300135518 /* Products */,
			);
			sourceTree = "<group>";
		};
		2F49E70923810F2300135518 /* Products */ = {
			isa = PBXGroup;
			children = (
				2F49E70823810F2300135518 /* XcodeExtensionExample.app */,
				2F49E71E23810F2500135518 /* XcodeExtensionExampleTests.xctest */,
				2F49E72923810F2500135518 /* XcodeExtensionExampleUITests.xctest */,
			);
			name = Products;
			sourceTree = "<group>";
		};
		2F49E70A23810F2300135518 /* XcodeExtensionExample */ = {
			isa = PBXGroup;
			children = (
				2F49E70B23810F2300135518 /* AppDelegate.swift */,
				2F49E70D23810F2300135518 /* SceneDelegate.swift */,
				2F49E70F23810F2300135518 /* ViewController.swift */,
				2F49E71123810F2300135518 /* Main.storyboard */,
				2F49E71423810F2400135518 /* Assets.xcassets */,
				2F49E71623810F2400135518 /* LaunchScreen.storyboard */,
				2F49E71923810F2400135518 /* Info.plist */,
			);
			path = XcodeExtensionExample;
			sourceTree = "<group>";
		};
		2F49E72123810F2500135518 /* XcodeExtensionExampleTests */ = {
			isa = PBXGroup;
			children = (
				2F49E72223810F2500135518 /* XcodeExtensionExampleTests.swift */,
				2F49E72423810F2500135518 /* Info.plist */,
			);
			path = XcodeExtensionExampleTests;
			sourceTree = "<group>";
		};
		2F49E72C23810F2500135518 /* XcodeExtensionExampleUITests */ = {
			isa = PBXGroup;
			children = (
				2F49E72D23810F2500135518 /* XcodeExtensionExampleUITests.swift */,
				2F49E72F23810F2500135518 /* Info.plist */,
			);
			path = XcodeExtensionExampleUITests;
			sourceTree = "<group>";
		};
/* End PBXGroup section */

/* Begin PBXNativeTarget section */
		2F49E70723810F2300135518 /* XcodeExtensionExample */ = {
			isa = PBXNativeTarget;
			buildConfigurationList = 2F49E73223810F2500135518 /* Build configuration list for PBXNativeTarget "XcodeExtensionExample" */;
			buildPhases = (
				2F49E70423810F2300135518 /* Sources */,
				2F49E70523810F2300135518 /* Frameworks */,
				2F49E70623810F2300135518 /* Resources */,
			);
			buildRules = (
			);
			dependencies = (
			);
			name = XcodeExtensionExample;
			productName = XcodeExtensionExample;
			productReference = 2F49E70823810F2300135518 /* XcodeExtensionExample.app */;
			productType = "com.apple.product-type.application";
		};
		2F49E71D23810F2500135518 /* XcodeExtensionExampleTests */ = {
			isa = PBXNativeTarget;
			buildConfigurationList = 2F49E73523810F2500135518 /* Build configuration list for PBXNativeTarget "XcodeExtensionExampleTests" */;
			buildPhases = (
				2F49E71A23810F2500135518 /* Sources */,
				2F49E71B23810F2500135518 /* Frameworks */,
				2F49E71C23810F2500135518 /* Resources */,
			);
			buildRules = (
			);
			dependencies = (
				2F49E72023810F2500135518 /* PBXTargetDependency */,
			);
			name = XcodeExtensionExampleTests;
			productName = XcodeExtensionExampleTests;
			productReference = 2F49E71E23810F2500135518 /* XcodeExtensionExampleTests.xctest */;
			productType = "com.apple.product-type.bundle.unit-test";
		};
		2F49E72823810F2500135518 /* XcodeExtensionExampleUITests */ = {
			isa = PBXNativeTarget;
			buildConfigurationList = 2F49E73823810F2500135518 /* Build configuration list for PBXNativeTarget "XcodeExtensionExampleUITests" */;
			buildPhases = (
				2F49E72523810F2500135518 /* Sources */,
				2F49E72623810F2500135518 /* Frameworks */,
				2F49E72723810F2500135518 /* Resources */,
			);
			buildRules = (
			);
			dependencies = (
				2F49E72B23810F2500135518 /* PBXTargetDependency */,
			);
			name = XcodeExtensionExampleUITests;
			productName = XcodeExtensionExampleUITests;
			productReference = 2F49E72923810F2500135518 /* XcodeExtensionExampleUITests.xctest */;
			productType = "com.apple.product-type.bundle.ui-testing";
		};
/* End PBXNativeTarget section */

/* Begin PBXProject section */
		2F49E70023810F2300135518 /* Project object */ = {
			isa = PBXProject;
			attributes = {
				LastSwiftUpdateCheck = 1120;
				LastUpgradeCheck = 1120;
				ORGANIZATIONNAME = tyler;
				TargetAttributes = {
					2F49E70723810F2300135518 = {
						CreatedOnToolsVersion = 11.2.1;
					};
					2F49E71D23810F2500135518 = {
						CreatedOnToolsVersion = 11.2.1;
						TestTargetID = 2F49E70723810F2300135518;
					};
					2F49E72823810F2500135518 = {
						CreatedOnToolsVersion = 11.2.1;
						TestTargetID = 2F49E70723810F2300135518;
					};
				};
			};
			buildConfigurationList = 2F49E70323810F2300135518 /* Build configuration list for PBXProject "XcodeExtensionExample" */;
			compatibilityVersion = "Xcode 9.3";
			developmentRegion = en;
			hasScannedForEncodings = 0;
			knownRegions = (
				en,
				Base,
			);
			mainGroup = 2F49E6FF23810F2300135518;
			productRefGroup = 2F49E70923810F2300135518 /* Products */;
			projectDirPath = "";
			projectRoot = "";
			targets = (
				2F49E70723810F2300135518 /* XcodeExtensionExample */,
				2F49E71D23810F2500135518 /* XcodeExtensionExampleTests */,
				2F49E72823810F2500135518 /* XcodeExtensionExampleUITests */,
			);
		};
/* End PBXProject section */

/* Begin PBXResourcesBuildPhase section */
		2F49E70623810F2300135518 /* Resources */ = {
			isa = PBXResourcesBuildPhase;
			buildActionMask = 2147483647;
			files = (
				2F49E71823810F2400135518 /* LaunchScreen.storyboard in Resources */,
				2F49E71523810F2400135518 /* Assets.xcassets in Resources */,
				2F49E71323810F2300135518 /* Main.storyboard in Resources */,
			);
			runOnlyForDeploymentPostprocessing = 0;
		};
		2F49E71C23810F2500135518 /* Resources */ = {
			isa = PBXResourcesBuildPhase;
			buildActionMask = 2147483647;
			files = (
			);
			runOnlyForDeploymentPostprocessing = 0;
		};
		2F49E72723810F2500135518 /* Resources */ = {
			isa = PBXResourcesBuildPhase;
			buildActionMask = 2147483647;
			files = (
			);
			runOnlyForDeploymentPostprocessing = 0;
		};
/* End PBXResourcesBuildPhase section */

/* Begin PBXSourcesBuildPhase section */
		2F49E70423810F2300135518 /* Sources */ = {
			isa = PBXSourcesBuildPhase;
			buildActionMask = 2147483647;
			files = (
				2F49E71023810F2300135518 /* ViewController.swift in Sources */,
				2F49E70C23810F2300135518 /* AppDelegate.swift in Sources */,
				2F49E70E23810F2300135518 /* SceneDelegate.swift in Sources */,
			);
			runOnlyForDeploymentPostprocessing = 0;
		};
		2F49E71A23810F2500135518 /* Sources */ = {
			isa = PBXSourcesBuildPhase;
			buildActionMask = 2147483647;
			files = (
				2F49E72323810F2500135518 /* XcodeExtensionExampleTests.swift in Sources */,
			);
			runOnlyForDeploymentPostprocessing = 0;
		};
		2F49E72523810F2500135518 /* Sources */ = {
			isa = PBXSourcesBuildPhase;
			buildActionMask = 2147483647;
			files = (
				2F49E72E23810F2500135518 /* XcodeExtensionExampleUITests.swift in Sources */,
			);
			runOnlyForDeploymentPostprocessing = 0;
		};
/* End PBXSourcesBuildPhase section */

/* Begin PBXTargetDependency section */
		2F49E72023810F2500135518 /* PBXTargetDependency */ = {
			isa = PBXTargetDependency;
			target = 2F49E70723810F2300135518 /* XcodeExtensionExample */;
			targetProxy = 2F49E71F23810F2500135518 /* PBXContainerItemProxy */;
		};
		2F49E72B23810F2500135518 /* PBXTargetDependency */ = {
			isa = PBXTargetDependency;
			target = 2F49E70723810F2300135518 /* XcodeExtensionExample */;
			targetProxy = 2F49E72A23810F2500135518 /* PBXContainerItemProxy */;
		};
/* End PBXTargetDependency section */

/* Begin PBXVariantGroup section */
		2F49E71123810F2300135518 /* Main.storyboard */ = {
			isa = PBXVariantGroup;
			children = (
				2F49E71223810F2300135518 /* Base */,
			);
			name = Main.storyboard;
			sourceTree = "<group>";
		};
		2F49E71623810F2400135518 /* LaunchScreen.storyboard */ = {
			isa = PBXVariantGroup;
			children = (
				2F49E71723810F2400135518 /* Base */,
			);
			name = LaunchScreen.storyboard;
			sourceTree = "<group>";
		};
/* End PBXVariantGroup section */

/* Begin XCBuildConfiguration section */
		2F49E73023810F2500135518 /* Debug */ = {
			isa = XCBuildConfiguration;
			buildSettings = {
				ALWAYS_SEARCH_USER_PATHS = NO;
				CLANG_ANALYZER_NONNULL = YES;
				CLANG_ANALYZER_NUMBER_OBJECT_CONVERSION = YES_AGGRESSIVE;
				CLANG_CXX_LANGUAGE_STANDARD = "gnu++14";
				CLANG_CXX_LIBRARY = "libc++";
				CLANG_ENABLE_MODULES = YES;
				CLANG_ENABLE_OBJC_ARC = YES;
				CLANG_ENABLE_OBJC_WEAK = YES;
				CLANG_WARN_BLOCK_CAPTURE_AUTORELEASING = YES;
				CLANG_WARN_BOOL_CONVERSION = YES;
				CLANG_WARN_COMMA = YES;
				CLANG_WARN_CONSTANT_CONVERSION = YES;
				CLANG_WARN_DEPRECATED_OBJC_IMPLEMENTATIONS = YES;
				CLANG_WARN_DIRECT_OBJC_ISA_USAGE = YES_ERROR;
				CLANG_WARN_DOCUMENTATION_COMMENTS = YES;
				CLANG_WARN_EMPTY_BODY = YES;
				CLANG_WARN_ENUM_CONVERSION = YES;
				CLANG_WARN_INFINITE_RECURSION = YES;
				CLANG_WARN_INT_CONVERSION = YES;
				CLANG_WARN_NON_LITERAL_NULL_CONVERSION = YES;
				CLANG_WARN_OBJC_IMPLICIT_RETAIN_SELF = YES;
				CLANG_WARN_OBJC_LITERAL_CONVERSION = YES;
				CLANG_WARN_OBJC_ROOT_CLASS = YES_ERROR;
				CLANG_WARN_RANGE_LOOP_ANALYSIS = YES;
				CLANG_WARN_STRICT_PROTOTYPES = YES;
				CLANG_WARN_SUSPICIOUS_MOVE = YES;
				CLANG_WARN_UNGUARDED_AVAILABILITY = YES_AGGRESSIVE;
				CLANG_WARN_UNREACHABLE_CODE = YES;
				CLANG_WARN__DUPLICATE_METHOD_MATCH = YES;
				COPY_PHASE_STRIP = NO;
				DEBUG_INFORMATION_FORMAT = dwarf;
				ENABLE_STRICT_OBJC_MSGSEND = YES;
				ENABLE_TESTABILITY = YES;
				GCC_C_LANGUAGE_STANDARD = gnu11;
				GCC_DYNAMIC_NO_PIC = NO;
				GCC_NO_COMMON_BLOCKS = YES;
				GCC_OPTIMIZATION_LEVEL = 0;
				GCC_PREPROCESSOR_DEFINITIONS = (
					"DEBUG=1",
					"$(inherited)",
				);
				GCC_WARN_64_TO_32_BIT_CONVERSION = YES;
				GCC_WARN_ABOUT_RETURN_TYPE = YES_ERROR;
				GCC_WARN_UNDECLARED_SELECTOR = YES;
				GCC_WARN_UNINITIALIZED_AUTOS = YES_AGGRESSIVE;
				GCC_WARN_UNUSED_FUNCTION = YES;
				GCC_WARN_UNUSED_VARIABLE = YES;
				IPHONEOS_DEPLOYMENT_TARGET = 13.2;
				MTL_ENABLE_DEBUG_INFO = INCLUDE_SOURCE;
				MTL_FAST_MATH = YES;
				ONLY_ACTIVE_ARCH = YES;
				SDKROOT = iphoneos;
				SWIFT_ACTIVE_COMPILATION_CONDITIONS = DEBUG;
				SWIFT_OPTIMIZATION_LEVEL = "-Onone";
			};
			name = Debug;
		};
		2F49E73123810F2500135518 /* Release */ = {
			isa = XCBuildConfiguration;
			buildSettings = {
				ALWAYS_SEARCH_USER_PATHS = NO;
				CLANG_ANALYZER_NONNULL = YES;
				CLANG_ANALYZER_NUMBER_OBJECT_CONVERSION = YES_AGGRESSIVE;
				CLANG_CXX_LANGUAGE_STANDARD = "gnu++14";
				CLANG_CXX_LIBRARY = "libc++";
				CLANG_ENABLE_MODULES = YES;
				CLANG_ENABLE_OBJC_ARC = YES;
				CLANG_ENABLE_OBJC_WEAK = YES;
				CLANG_WARN_BLOCK_CAPTURE_AUTORELEASING = YES;
				CLANG_WARN_BOOL_CONVERSION = YES;
				CLANG_WARN_COMMA = YES;
				CLANG_WARN_CONSTANT_CONVERSION = YES;
				CLANG_WARN_DEPRECATED_OBJC_IMPLEMENTATIONS = YES;
				CLANG_WARN_DIRECT_OBJC_ISA_USAGE = YES_ERROR;
				CLANG_WARN_DOCUMENTATION_COMMENTS = YES;
				CLANG_WARN_EMPTY_BODY = YES;
				CLANG_WARN_ENUM_CONVERSION = YES;
				CLANG_WARN_INFINITE_RECURSION = YES;
				CLANG_WARN_INT_CONVERSION = YES;
				CLANG_WARN_NON_LITERAL_NULL_CONVERSION = YES;
				CLANG_WARN_OBJC_IMPLICIT_RETAIN_SELF = YES;
				CLANG_WARN_OBJC_LITERAL_CONVERSION = YES;
				CLANG_WARN_OBJC_ROOT_CLASS = YES_ERROR;
				CLANG_WARN_RANGE_LOOP_ANALYSIS = YES;
				CLANG_WARN_STRICT_PROTOTYPES = YES;
				CLANG_WARN_SUSPICIOUS_MOVE = YES;
				CLANG_WARN_UNGUARDED_AVAILABILITY = YES_AGGRESSIVE;
				CLANG_WARN_UNREACHABLE_CODE = YES;
				CLANG_WARN__DUPLICATE_METHOD_MATCH = YES;
				COPY_PHASE_STRIP = NO;
				DEBUG_INFORMATION_FORMAT = "dwarf-with-dsym";
				ENABLE_NS_ASSERTIONS = NO;
				ENABLE_STRICT_OBJC_MSGSEND = YES;
				GCC_C_LANGUAGE_STANDARD = gnu11;
				GCC_NO_COMMON_BLOCKS = YES;
				GCC_WARN_64_TO_32_BIT_CONVERSION = YES;
				GCC_WARN_ABOUT_RETURN_TYPE = YES_ERROR;
				GCC_WARN_UNDECLARED_SELECTOR = YES;
				GCC_WARN_UNINITIALIZED_AUTOS = YES_AGGRESSIVE;
				GCC_WARN_UNUSED_FUNCTION = YES;
				GCC_WARN_UNUSED_VARIABLE = YES;
				IPHONEOS_DEPLOYMENT_TARGET = 13.2;
				MTL_ENABLE_DEBUG_INFO = NO;
				MTL_FAST_MATH = YES;
				SDKROOT = iphoneos;
				SWIFT_COMPILATION_MODE = wholemodule;
				SWIFT_OPTIMIZATION_LEVEL = "-O";
				VALIDATE_PRODUCT = YES;
			};
			name = Release;
		};
		2F49E73323810F2500135518 /* Debug */ = {
			isa = XCBuildConfiguration;
			buildSettings = {
				ASSETCATALOG_COMPILER_APPICON_NAME = AppIcon;
				CODE_SIGN_STYLE = Automatic;
				DEVELOPMENT_TEAM = 576T8HK6X4;
				INFOPLIST_FILE = XcodeExtensionExample/Info.plist;
				LD_RUNPATH_SEARCH_PATHS = (
					"$(inherited)",
					"@executable_path/Frameworks",
				);
				PRODUCT_BUNDLE_IDENTIFIER = com.assin.XcodeExtensionExample;
				PRODUCT_NAME = "$(TARGET_NAME)";
				SWIFT_VERSION = 5.0;
				TARGETED_DEVICE_FAMILY = "1,2";
			};
			name = Debug;
		};
		2F49E73423810F2500135518 /* Release */ = {
			isa = XCBuildConfiguration;
			buildSettings = {
				ASSETCATALOG_COMPILER_APPICON_NAME = AppIcon;
				CODE_SIGN_STYLE = Automatic;
				DEVELOPMENT_TEAM = 576T8HK6X4;
				INFOPLIST_FILE = XcodeExtensionExample/Info.plist;
				LD_RUNPATH_SEARCH_PATHS = (
					"$(inherited)",
					"@executable_path/Frameworks",
				);
				PRODUCT_BUNDLE_IDENTIFIER = com.assin.XcodeExtensionExample;
				PRODUCT_NAME = "$(TARGET_NAME)";
				SWIFT_VERSION = 5.0;
				TARGETED_DEVICE_FAMILY = "1,2";
			};
			name = Release;
		};
		2F49E73623810F2500135518 /* Debug */ = {
			isa = XCBuildConfiguration;
			buildSettings = {
				ALWAYS_EMBED_SWIFT_STANDARD_LIBRARIES = YES;
				BUNDLE_LOADER = "$(TEST_HOST)";
				CODE_SIGN_STYLE = Automatic;
				DEVELOPMENT_TEAM = 576T8HK6X4;
				INFOPLIST_FILE = XcodeExtensionExampleTests/Info.plist;
				IPHONEOS_DEPLOYMENT_TARGET = 13.2;
				LD_RUNPATH_SEARCH_PATHS = (
					"$(inherited)",
					"@executable_path/Frameworks",
					"@loader_path/Frameworks",
				);
				PRODUCT_BUNDLE_IDENTIFIER = com.assin.XcodeExtensionExampleTests;
				PRODUCT_NAME = "$(TARGET_NAME)";
				SWIFT_VERSION = 5.0;
				TARGETED_DEVICE_FAMILY = "1,2";
				TEST_HOST = "$(BUILT_PRODUCTS_DIR)/XcodeExtensionExample.app/XcodeExtensionExample";
			};
			name = Debug;
		};
		2F49E73723810F2500135518 /* Release */ = {
			isa = XCBuildConfiguration;
			buildSettings = {
				ALWAYS_EMBED_SWIFT_STANDARD_LIBRARIES = YES;
				BUNDLE_LOADER = "$(TEST_HOST)";
				CODE_SIGN_STYLE = Automatic;
				DEVELOPMENT_TEAM = 576T8HK6X4;
				INFOPLIST_FILE = XcodeExtensionExampleTests/Info.plist;
				IPHONEOS_DEPLOYMENT_TARGET = 13.2;
				LD_RUNPATH_SEARCH_PATHS = (
					"$(inherited)",
					"@executable_path/Frameworks",
					"@loader_path/Frameworks",
				);
				PRODUCT_BUNDLE_IDENTIFIER = com.assin.XcodeExtensionExampleTests;
				PRODUCT_NAME = "$(TARGET_NAME)";
				SWIFT_VERSION = 5.0;
				TARGETED_DEVICE_FAMILY = "1,2";
				TEST_HOST = "$(BUILT_PRODUCTS_DIR)/XcodeExtensionExample.app/XcodeExtensionExample";
			};
			name = Release;
		};
		2F49E73923810F2500135518 /* Debug */ = {
			isa = XCBuildConfiguration;
			buildSettings = {
				ALWAYS_EMBED_SWIFT_STANDARD_LIBRARIES = YES;
				CODE_SIGN_STYLE = Automatic;
				DEVELOPMENT_TEAM = 576T8HK6X4;
				INFOPLIST_FILE = XcodeExtensionExampleUITests/Info.plist;
				LD_RUNPATH_SEARCH_PATHS = (
					"$(inherited)",
					"@executable_path/Frameworks",
					"@loader_path/Frameworks",
				);
				PRODUCT_BUNDLE_IDENTIFIER = com.assin.XcodeExtensionExampleUITests;
				PRODUCT_NAME = "$(TARGET_NAME)";
				SWIFT_VERSION = 5.0;
				TARGETED_DEVICE_FAMILY = "1,2";
				TEST_TARGET_NAME = XcodeExtensionExample;
			};
			name = Debug;
		};
		2F49E73A23810F2500135518 /* Release */ = {
			isa = XCBuildConfiguration;
			buildSettings = {
				ALWAYS_EMBED_SWIFT_STANDARD_LIBRARIES = YES;
				CODE_SIGN_STYLE = Automatic;
				DEVELOPMENT_TEAM = 576T8HK6X4;
				INFOPLIST_FILE = XcodeExtensionExampleUITests/Info.plist;
				LD_RUNPATH_SEARCH_PATHS = (
					"$(inherited)",
					"@executable_path/Frameworks",
					"@loader_path/Frameworks",
				);
				PRODUCT_BUNDLE_IDENTIFIER = com.assin.XcodeExtensionExampleUITests;
				PRODUCT_NAME = "$(TARGET_NAME)";
				SWIFT_VERSION = 5.0;
				TARGETED_DEVICE_FAMILY = "1,2";
				TEST_TARGET_NAME = XcodeExtensionExample;
			};
			name = Release;
		};
/* End XCBuildConfiguration section */

/* Begin XCConfigurationList section */
		2F49E70323810F2300135518 /* Build configuration list for PBXProject "XcodeExtensionExample" */ = {
			isa = XCConfigurationList;
			buildConfigurations = (
				2F49E73023810F2500135518 /* Debug */,
				2F49E73123810F2500135518 /* Release */,
			);
			defaultConfigurationIsVisible = 0;
			defaultConfigurationName = Release;
		};
		2F49E73223810F2500135518 /* Build configuration list for PBXNativeTarget "XcodeExtensionExample" */ = {
			isa = XCConfigurationList;
			buildConfigurations = (
				2F49E73323810F2500135518 /* Debug */,
				2F49E73423810F2500135518 /* Release */,
			);
			defaultConfigurationIsVisible = 0;
			defaultConfigurationName = Release;
		};
		2F49E73523810F2500135518 /* Build configuration list for PBXNativeTarget "XcodeExtensionExampleTests" */ = {
			isa = XCConfigurationList;
			buildConfigurations = (
				2F49E73623810F2500135518 /* Debug */,
				2F49E73723810F2500135518 /* Release */,
			);
			defaultConfigurationIsVisible = 0;
			defaultConfigurationName = Release;
		};
		2F49E73823810F2500135518 /* Build configuration list for PBXNativeTarget "XcodeExtensionExampleUITests" */ = {
			isa = XCConfigurationList;
			buildConfigurations = (
				2F49E73923810F2500135518 /* Debug */,
				2F49E73A23810F2500135518 /* Release */,
			);
			defaultConfigurationIsVisible = 0;
			defaultConfigurationName = Release;
		};
/* End XCConfigurationList section */
	};
	rootObject = 2F49E70023810F2300135518 /* Project object */;
}
